
Microsoft Visual Studio Solution File, Format Version 12.00
# Visual Studio Version 17
VisualStudioVersion = 17.11.35312.102
MinimumVisualStudioVersion = 10.0.40219.1
Project("{FAE04EC0-301F-11D3-BF4B-00C04F79EFBC}") = "WeekTwo", "WeekTwo\WeekTwo.csproj", "{272A8B12-ED83-4F8D-ABB6-5DCABE4DADBA}"
EndProject
Project("{FAE04EC0-301F-11D3-BF4B-00C04F79EFBC}") = "UserGenderValidation", "UserAgeValidation\UserGenderValidation.csproj", "{83C7C7DF-EBEA-4C21-8F17-01F9FF743F26}"
EndProject
Project("{FAE04EC0-301F-11D3-BF4B-00C04F79EFBC}") = "userAgeValidation1", "userAgeValidation1\userAgeValidation1.csproj", "{0688B79D-869F-4C9D-99D8-104812AD6270}"
EndProject
Global
	GlobalSection(SolutionConfigurationPlatforms) = preSolution
		Debug|Any CPU = Debug|Any CPU
		Release|Any CPU = Release|Any CPU
	EndGlobalSection
	GlobalSection(ProjectConfigurationPlatforms) = postSolution
		{272A8B12-ED83-4F8D-ABB6-5DCABE4DADBA}.Debug|Any CPU.ActiveCfg = Debug|Any CPU
		{272A8B12-ED83-4F8D-ABB6-5DCABE4DADBA}.Debug|Any CPU.Build.0 = Debug|Any CPU
		{272A8B12-ED83-4F8D-ABB6-5DCABE4DADBA}.Release|Any CPU.ActiveCfg = Release|Any CPU
		{272A8B12-ED83-4F8D-ABB6-5DCABE4DADBA}.Release|Any CPU.Build.0 = Release|Any CPU
		{83C7C7DF-EBEA-4C21-8F17-01F9FF743F26}.Debug|Any CPU.ActiveCfg = Debug|Any CPU
		{83C7C7DF-EBEA-4C21-8F17-01F9FF743F26}.Debug|Any CPU.Build.0 = Debug|Any CPU
		{83C7C7DF-EBEA-4C21-8F17-01F9FF743F26}.Release|Any CPU.ActiveCfg = Release|Any CPU
		{83C7C7DF-EBEA-4C21-8F17-01F9FF743F26}.Release|Any CPU.Build.0 = Release|Any CPU
		{0688B79D-869F-4C9D-99D8-104812AD6270}.Debug|Any CPU.ActiveCfg = Debug|Any CPU
		{0688B79D-869F-4C9D-99D8-104812AD6270}.Debug|Any CPU.Build.0 = Debug|Any CPU
		{0688B79D-869F-4C9D-99D8-104812AD6270}.Release|Any CPU.ActiveCfg = Release|Any CPU
		{0688B79D-869F-4C9D-99D8-104812AD6270}.Release|Any CPU.Build.0 = Release|Any CPU
	EndGlobalSection
	GlobalSection(SolutionProperties) = preSolution
		HideSolutionNode = FALSE
	EndGlobalSection
	GlobalSection(ExtensibilityGlobals) = postSolution
		SolutionGuid = {F80146BC-F9B8-4F4A-AFAF-FBB399ED1421}
	EndGlobalSection
EndGlobal
